// !$*UTF8*$!
{
	archiveVersion = 1;
	classes = {
	};
	objectVersion = 46;
	objects = {

/* Begin PBXBuildFile section */
		40B4547218C431CC0016A182 /* Foundation.framework in Frameworks */ = {isa = PBXBuildFile; fileRef = 40B4547118C431CC0016A182 /* Foundation.framework */; };
		40B4547418C431CC0016A182 /* CoreGraphics.framework in Frameworks */ = {isa = PBXBuildFile; fileRef = 40B4547318C431CC0016A182 /* CoreGraphics.framework */; };
		40B4547618C431CC0016A182 /* UIKit.framework in Frameworks */ = {isa = PBXBuildFile; fileRef = 40B4547518C431CC0016A182 /* UIKit.framework */; };
		40B4547C18C431CC0016A182 /* InfoPlist.strings in Resources */ = {isa = PBXBuildFile; fileRef = 40B4547A18C431CC0016A182 /* InfoPlist.strings */; };
		40B4547E18C431CC0016A182 /* main.m in Sources */ = {isa = PBXBuildFile; fileRef = 40B4547D18C431CC0016A182 /* main.m */; };
		40B4548218C431CC0016A182 /* InstagarmAppDelegate.m in Sources */ = {isa = PBXBuildFile; fileRef = 40B4548118C431CC0016A182 /* InstagarmAppDelegate.m */; };
		40B4548518C431CC0016A182 /* Main.storyboard in Resources */ = {isa = PBXBuildFile; fileRef = 40B4548318C431CC0016A182 /* Main.storyboard */; };
		40B4548818C431CC0016A182 /* InstagarmViewController.m in Sources */ = {isa = PBXBuildFile; fileRef = 40B4548718C431CC0016A182 /* InstagarmViewController.m */; };
		40B4548A18C431CC0016A182 /* Images.xcassets in Resources */ = {isa = PBXBuildFile; fileRef = 40B4548918C431CC0016A182 /* Images.xcassets */; };
		40B4549118C431CD0016A182 /* XCTest.framework in Frameworks */ = {isa = PBXBuildFile; fileRef = 40B4549018C431CD0016A182 /* XCTest.framework */; };
		40B4549218C431CD0016A182 /* Foundation.framework in Frameworks */ = {isa = PBXBuildFile; fileRef = 40B4547118C431CC0016A182 /* Foundation.framework */; };
		40B4549318C431CD0016A182 /* UIKit.framework in Frameworks */ = {isa = PBXBuildFile; fileRef = 40B4547518C431CC0016A182 /* UIKit.framework */; };
		40B4549B18C431CD0016A182 /* InfoPlist.strings in Resources */ = {isa = PBXBuildFile; fileRef = 40B4549918C431CD0016A182 /* InfoPlist.strings */; };
		40B4549D18C431CD0016A182 /* InstagarmTests.m in Sources */ = {isa = PBXBuildFile; fileRef = 40B4549C18C431CD0016A182 /* InstagarmTests.m */; };
		40B97B4618C4C06400EAA05F /* GarmChooseView.m in Sources */ = {isa = PBXBuildFile; fileRef = 40B97B4518C4C06400EAA05F /* GarmChooseView.m */; };
		40B97B4A18C4C08D00EAA05F /* GarmChooseView.xib in Resources */ = {isa = PBXBuildFile; fileRef = 40B97B4918C4C08D00EAA05F /* GarmChooseView.xib */; };
		40BC50BC18C46D89009B1FD4 /* btnBack.png in Resources */ = {isa = PBXBuildFile; fileRef = 40BC50B018C46D89009B1FD4 /* btnBack.png */; };
		40BC50BD18C46D89009B1FD4 /* btnCheck.png in Resources */ = {isa = PBXBuildFile; fileRef = 40BC50B118C46D89009B1FD4 /* btnCheck.png */; };
		40BC50BE18C46D89009B1FD4 /* btnEditgram.png in Resources */ = {isa = PBXBuildFile; fileRef = 40BC50B218C46D89009B1FD4 /* btnEditgram.png */; };
		40BC50BF18C46D89009B1FD4 /* btnGallory.png in Resources */ = {isa = PBXBuildFile; fileRef = 40BC50B318C46D89009B1FD4 /* btnGallory.png */; };
		40BC50C018C46D89009B1FD4 /* btnGarm.png in Resources */ = {isa = PBXBuildFile; fileRef = 40BC50B418C46D89009B1FD4 /* btnGarm.png */; };
		40BC50C118C46D89009B1FD4 /* btnOrder.png in Resources */ = {isa = PBXBuildFile; fileRef = 40BC50B518C46D89009B1FD4 /* btnOrder.png */; };
		40BC50C218C46D89009B1FD4 /* home.png in Resources */ = {isa = PBXBuildFile; fileRef = 40BC50B618C46D89009B1FD4 /* home.png */; };
		40BC50C318C46D89009B1FD4 /* scrollBack.png in Resources */ = {isa = PBXBuildFile; fileRef = 40BC50B718C46D89009B1FD4 /* scrollBack.png */; };
		40BC50C418C46D89009B1FD4 /* splite_cross.png in Resources */ = {isa = PBXBuildFile; fileRef = 40BC50B818C46D89009B1FD4 /* splite_cross.png */; };
		40BC50C518C46D89009B1FD4 /* splite.png in Resources */ = {isa = PBXBuildFile; fileRef = 40BC50B918C46D89009B1FD4 /* splite.png */; };
		40BC50C618C46D89009B1FD4 /* TopBarBack.png in Resources */ = {isa = PBXBuildFile; fileRef = 40BC50BA18C46D89009B1FD4 /* TopBarBack.png */; };
		40BC50C718C46D89009B1FD4 /* tshirt.png in Resources */ = {isa = PBXBuildFile; fileRef = 40BC50BB18C46D89009B1FD4 /* tshirt.png */; };
		40BC50C918C47583009B1FD4 /* btnUncheck.png in Resources */ = {isa = PBXBuildFile; fileRef = 40BC50C818C47583009B1FD4 /* btnUncheck.png */; };
		40BC50CC18C475E3009B1FD4 /* ChooseInstagarmViewController.m in Sources */ = {isa = PBXBuildFile; fileRef = 40BC50CB18C475E3009B1FD4 /* ChooseInstagarmViewController.m */; };
		40BC50CE18C47895009B1FD4 /* grey_hoodie.png in Resources */ = {isa = PBXBuildFile; fileRef = 40BC50CD18C47895009B1FD4 /* grey_hoodie.png */; };
		40BC50D118C47B6B009B1FD4 /* GarmObject.m in Sources */ = {isa = PBXBuildFile; fileRef = 40BC50D018C47B6B009B1FD4 /* GarmObject.m */; };
		40E3716318C56BC600F3C6FF /* app-bg.mp4 in Resources */ = {isa = PBXBuildFile; fileRef = 40E3716118C56BC600F3C6FF /* app-bg.mp4 */; };
		40E3716418C56BC600F3C6FF /* instagarm-logo.png in Resources */ = {isa = PBXBuildFile; fileRef = 40E3716218C56BC600F3C6FF /* instagarm-logo.png */; };
		40E3716918C5761800F3C6FF /* Aleo-Bold.otf in Resources */ = {isa = PBXBuildFile; fileRef = 40E3716618C5761800F3C6FF /* Aleo-Bold.otf */; };
		40E3716A18C5761800F3C6FF /* Aleo-Regular.otf in Resources */ = {isa = PBXBuildFile; fileRef = 40E3716718C5761800F3C6FF /* Aleo-Regular.otf */; };
		40E3716B18C5761800F3C6FF /* Franklin Gothic Medium.ttf in Resources */ = {isa = PBXBuildFile; fileRef = 40E3716818C5761800F3C6FF /* Franklin Gothic Medium.ttf */; };
		40EB975418C5A30B00922A41 /* CameraRollView.m in Sources */ = {isa = PBXBuildFile; fileRef = 40EB975318C5A30B00922A41 /* CameraRollView.m */; };
		40EB975718C5A34400922A41 /* CameraRollView.xib in Resources */ = {isa = PBXBuildFile; fileRef = 40EB975618C5A34400922A41 /* CameraRollView.xib */; };
		40EB976018C5A3A300922A41 /* btnCheck1.png in Resources */ = {isa = PBXBuildFile; fileRef = 40EB975918C5A3A300922A41 /* btnCheck1.png */; };
		40EB976118C5A3A300922A41 /* btnDelete.png in Resources */ = {isa = PBXBuildFile; fileRef = 40EB975A18C5A3A300922A41 /* btnDelete.png */; };
		40EB976218C5A3A300922A41 /* btnGarmChecked.png in Resources */ = {isa = PBXBuildFile; fileRef = 40EB975B18C5A3A300922A41 /* btnGarmChecked.png */; };
		40EB976318C5A3A300922A41 /* btnGarmInactive.png in Resources */ = {isa = PBXBuildFile; fileRef = 40EB975C18C5A3A300922A41 /* btnGarmInactive.png */; };
		40EB976418C5A3A300922A41 /* btnUncheck1.png in Resources */ = {isa = PBXBuildFile; fileRef = 40EB975D18C5A3A300922A41 /* btnUncheck1.png */; };
		40EB976518C5A3A300922A41 /* gallaryBack.png in Resources */ = {isa = PBXBuildFile; fileRef = 40EB975E18C5A3A300922A41 /* gallaryBack.png */; };
		40EB976618C5A3A300922A41 /* tablecellback.png in Resources */ = {isa = PBXBuildFile; fileRef = 40EB975F18C5A3A300922A41 /* tablecellback.png */; };
		40EB978718C5D19C00922A41 /* MyAlbumPicker.m in Sources */ = {isa = PBXBuildFile; fileRef = 40EB978618C5D19C00922A41 /* MyAlbumPicker.m */; };
		40EB978B18C5D1D200922A41 /* MyAlbumPicker.xib in Resources */ = {isa = PBXBuildFile; fileRef = 40EB978A18C5D1D200922A41 /* MyAlbumPicker.xib */; };
		40EB978E18C5DB5D00922A41 /* pickerTableCell.m in Sources */ = {isa = PBXBuildFile; fileRef = 40EB978D18C5DB5D00922A41 /* pickerTableCell.m */; };
		40EB979118C5DB7700922A41 /* pickerTableCell.xib in Resources */ = {isa = PBXBuildFile; fileRef = 40EB979018C5DB7700922A41 /* pickerTableCell.xib */; };
		40EB979318C5E43B00922A41 /* tablecellforg.png in Resources */ = {isa = PBXBuildFile; fileRef = 40EB979218C5E43B00922A41 /* tablecellforg.png */; };
		40EB979518C5EB0F00922A41 /* MyImagePickerView.xib in Resources */ = {isa = PBXBuildFile; fileRef = 40EB979418C5EB0F00922A41 /* MyImagePickerView.xib */; };
		40EB979818C5EB4D00922A41 /* MyImagePicker.m in Sources */ = {isa = PBXBuildFile; fileRef = 40EB979718C5EB4D00922A41 /* MyImagePicker.m */; };
		40EB97A118C63AA600922A41 /* btnGallaryActive.png in Resources */ = {isa = PBXBuildFile; fileRef = 40EB979E18C63AA600922A41 /* btnGallaryActive.png */; };
		40EB97A618C7014C00922A41 /* ThumbTableCell.m in Sources */ = {isa = PBXBuildFile; fileRef = 40EB97A518C7014C00922A41 /* ThumbTableCell.m */; };
		40EB97A818C7016D00922A41 /* ThumbTableCell.xib in Resources */ = {isa = PBXBuildFile; fileRef = 40EB97A718C7016D00922A41 /* ThumbTableCell.xib */; };
/* End PBXBuildFile section */

/* Begin PBXContainerItemProxy section */
		40B4549418C431CD0016A182 /* PBXContainerItemProxy */ = {
			isa = PBXContainerItemProxy;
			containerPortal = 40B4546618C431CC0016A182 /* Project object */;
			proxyType = 1;
			remoteGlobalIDString = 40B4546D18C431CC0016A182;
			remoteInfo = Instagarm;
		};
/* End PBXContainerItemProxy section */

/* Begin PBXFileReference section */
		40B4546E18C431CC0016A182 /* Instagarm.app */ = {isa = PBXFileReference; explicitFileType = wrapper.application; includeInIndex = 0; path = Instagarm.app; sourceTree = BUILT_PRODUCTS_DIR; };
		40B4547118C431CC0016A182 /* Foundation.framework */ = {isa = PBXFileReference; lastKnownFileType = wrapper.framework; name = Foundation.framework; path = System/Library/Frameworks/Foundation.framework; sourceTree = SDKROOT; };
		40B4547318C431CC0016A182 /* CoreGraphics.framework */ = {isa = PBXFileReference; lastKnownFileType = wrapper.framework; name = CoreGraphics.framework; path = System/Library/Frameworks/CoreGraphics.framework; sourceTree = SDKROOT; };
		40B4547518C431CC0016A182 /* UIKit.framework */ = {isa = PBXFileReference; lastKnownFileType = wrapper.framework; name = UIKit.framework; path = System/Library/Frameworks/UIKit.framework; sourceTree = SDKROOT; };
		40B4547918C431CC0016A182 /* Instagarm-Info.plist */ = {isa = PBXFileReference; lastKnownFileType = text.plist.xml; path = "Instagarm-Info.plist"; sourceTree = "<group>"; };
		40B4547B18C431CC0016A182 /* en */ = {isa = PBXFileReference; lastKnownFileType = text.plist.strings; name = en; path = en.lproj/InfoPlist.strings; sourceTree = "<group>"; };
		40B4547D18C431CC0016A182 /* main.m */ = {isa = PBXFileReference; lastKnownFileType = sourcecode.c.objc; path = main.m; sourceTree = "<group>"; };
		40B4547F18C431CC0016A182 /* Instagarm-Prefix.pch */ = {isa = PBXFileReference; lastKnownFileType = sourcecode.c.h; path = "Instagarm-Prefix.pch"; sourceTree = "<group>"; };
		40B4548018C431CC0016A182 /* InstagarmAppDelegate.h */ = {isa = PBXFileReference; lastKnownFileType = sourcecode.c.h; path = InstagarmAppDelegate.h; sourceTree = "<group>"; };
		40B4548118C431CC0016A182 /* InstagarmAppDelegate.m */ = {isa = PBXFileReference; lastKnownFileType = sourcecode.c.objc; path = InstagarmAppDelegate.m; sourceTree = "<group>"; };
		40B4548418C431CC0016A182 /* Base */ = {isa = PBXFileReference; lastKnownFileType = file.storyboard; name = Base; path = Base.lproj/Main.storyboard; sourceTree = "<group>"; };
		40B4548618C431CC0016A182 /* InstagarmViewController.h */ = {isa = PBXFileReference; lastKnownFileType = sourcecode.c.h; path = InstagarmViewController.h; sourceTree = "<group>"; };
		40B4548718C431CC0016A182 /* InstagarmViewController.m */ = {isa = PBXFileReference; lastKnownFileType = sourcecode.c.objc; path = InstagarmViewController.m; sourceTree = "<group>"; };
		40B4548918C431CC0016A182 /* Images.xcassets */ = {isa = PBXFileReference; lastKnownFileType = folder.assetcatalog; path = Images.xcassets; sourceTree = "<group>"; };
		40B4548F18C431CD0016A182 /* InstagarmTests.xctest */ = {isa = PBXFileReference; explicitFileType = wrapper.cfbundle; includeInIndex = 0; path = InstagarmTests.xctest; sourceTree = BUILT_PRODUCTS_DIR; };
		40B4549018C431CD0016A182 /* XCTest.framework */ = {isa = PBXFileReference; lastKnownFileType = wrapper.framework; name = XCTest.framework; path = Library/Frameworks/XCTest.framework; sourceTree = DEVELOPER_DIR; };
		40B4549818C431CD0016A182 /* InstagarmTests-Info.plist */ = {isa = PBXFileReference; lastKnownFileType = text.plist.xml; path = "InstagarmTests-Info.plist"; sourceTree = "<group>"; };
		40B4549A18C431CD0016A182 /* en */ = {isa = PBXFileReference; lastKnownFileType = text.plist.strings; name = en; path = en.lproj/InfoPlist.strings; sourceTree = "<group>"; };
		40B4549C18C431CD0016A182 /* InstagarmTests.m */ = {isa = PBXFileReference; lastKnownFileType = sourcecode.c.objc; path = InstagarmTests.m; sourceTree = "<group>"; };
		40B97B4418C4C06400EAA05F /* GarmChooseView.h */ = {isa = PBXFileReference; fileEncoding = 4; lastKnownFileType = sourcecode.c.h; name = GarmChooseView.h; path = Library/GarmChooseView.h; sourceTree = "<group>"; };
		40B97B4518C4C06400EAA05F /* GarmChooseView.m */ = {isa = PBXFileReference; fileEncoding = 4; lastKnownFileType = sourcecode.c.objc; name = GarmChooseView.m; path = Library/GarmChooseView.m; sourceTree = "<group>"; };
		40B97B4918C4C08D00EAA05F /* GarmChooseView.xib */ = {isa = PBXFileReference; fileEncoding = 4; lastKnownFileType = file.xib; name = GarmChooseView.xib; path = Library/GarmChooseView.xib; sourceTree = "<group>"; };
		40BC50B018C46D89009B1FD4 /* btnBack.png */ = {isa = PBXFileReference; lastKnownFileType = image.png; name = btnBack.png; path = Resource/btnBack.png; sourceTree = "<group>"; };
		40BC50B118C46D89009B1FD4 /* btnCheck.png */ = {isa = PBXFileReference; lastKnownFileType = image.png; name = btnCheck.png; path = Resource/btnCheck.png; sourceTree = "<group>"; };
		40BC50B218C46D89009B1FD4 /* btnEditgram.png */ = {isa = PBXFileReference; lastKnownFileType = image.png; name = btnEditgram.png; path = Resource/btnEditgram.png; sourceTree = "<group>"; };
		40BC50B318C46D89009B1FD4 /* btnGallory.png */ = {isa = PBXFileReference; lastKnownFileType = image.png; name = btnGallory.png; path = Resource/btnGallory.png; sourceTree = "<group>"; };
		40BC50B418C46D89009B1FD4 /* btnGarm.png */ = {isa = PBXFileReference; lastKnownFileType = image.png; name = btnGarm.png; path = Resource/btnGarm.png; sourceTree = "<group>"; };
		40BC50B518C46D89009B1FD4 /* btnOrder.png */ = {isa = PBXFileReference; lastKnownFileType = image.png; name = btnOrder.png; path = Resource/btnOrder.png; sourceTree = "<group>"; };
		40BC50B618C46D89009B1FD4 /* home.png */ = {isa = PBXFileReference; lastKnownFileType = image.png; name = home.png; path = Resource/home.png; sourceTree = "<group>"; };
		40BC50B718C46D89009B1FD4 /* scrollBack.png */ = {isa = PBXFileReference; lastKnownFileType = image.png; name = scrollBack.png; path = Resource/scrollBack.png; sourceTree = "<group>"; };
		40BC50B818C46D89009B1FD4 /* splite_cross.png */ = {isa = PBXFileReference; lastKnownFileType = image.png; name = splite_cross.png; path = Resource/splite_cross.png; sourceTree = "<group>"; };
		40BC50B918C46D89009B1FD4 /* splite.png */ = {isa = PBXFileReference; lastKnownFileType = image.png; name = splite.png; path = Resource/splite.png; sourceTree = "<group>"; };
		40BC50BA18C46D89009B1FD4 /* TopBarBack.png */ = {isa = PBXFileReference; lastKnownFileType = image.png; name = TopBarBack.png; path = Resource/TopBarBack.png; sourceTree = "<group>"; };
		40BC50BB18C46D89009B1FD4 /* tshirt.png */ = {isa = PBXFileReference; lastKnownFileType = image.png; name = tshirt.png; path = Resource/tshirt.png; sourceTree = "<group>"; };
		40BC50C818C47583009B1FD4 /* btnUncheck.png */ = {isa = PBXFileReference; lastKnownFileType = image.png; name = btnUncheck.png; path = Resource/btnUncheck.png; sourceTree = "<group>"; };
		40BC50CA18C475E3009B1FD4 /* ChooseInstagarmViewController.h */ = {isa = PBXFileReference; fileEncoding = 4; lastKnownFileType = sourcecode.c.h; path = ChooseInstagarmViewController.h; sourceTree = "<group>"; };
		40BC50CB18C475E3009B1FD4 /* ChooseInstagarmViewController.m */ = {isa = PBXFileReference; fileEncoding = 4; lastKnownFileType = sourcecode.c.objc; path = ChooseInstagarmViewController.m; sourceTree = "<group>"; };
		40BC50CD18C47895009B1FD4 /* grey_hoodie.png */ = {isa = PBXFileReference; lastKnownFileType = image.png; name = grey_hoodie.png; path = Resource/grey_hoodie.png; sourceTree = "<group>"; };
		40BC50CF18C47B6B009B1FD4 /* GarmObject.h */ = {isa = PBXFileReference; fileEncoding = 4; lastKnownFileType = sourcecode.c.h; name = GarmObject.h; path = Library/GarmObject.h; sourceTree = "<group>"; };
		40BC50D018C47B6B009B1FD4 /* GarmObject.m */ = {isa = PBXFileReference; fileEncoding = 4; lastKnownFileType = sourcecode.c.objc; name = GarmObject.m; path = Library/GarmObject.m; sourceTree = "<group>"; };
		40E3716118C56BC600F3C6FF /* app-bg.mp4 */ = {isa = PBXFileReference; lastKnownFileType = file; name = "app-bg.mp4"; path = "Resource/assets/app-bg.mp4"; sourceTree = "<group>"; };
		40E3716218C56BC600F3C6FF /* instagarm-logo.png */ = {isa = PBXFileReference; lastKnownFileType = image.png; name = "instagarm-logo.png"; path = "Resource/assets/instagarm-logo.png"; sourceTree = "<group>"; };
		40E3716618C5761800F3C6FF /* Aleo-Bold.otf */ = {isa = PBXFileReference; lastKnownFileType = file; name = "Aleo-Bold.otf"; path = "Fonts/Aleo-Bold.otf"; sourceTree = "<group>"; };
		40E3716718C5761800F3C6FF /* Aleo-Regular.otf */ = {isa = PBXFileReference; lastKnownFileType = file; name = "Aleo-Regular.otf"; path = "Fonts/Aleo-Regular.otf"; sourceTree = "<group>"; };
		40E3716818C5761800F3C6FF /* Franklin Gothic Medium.ttf */ = {isa = PBXFileReference; lastKnownFileType = file; name = "Franklin Gothic Medium.ttf"; path = "Fonts/Franklin Gothic Medium.ttf"; sourceTree = "<group>"; };
		40EB975218C5A30B00922A41 /* CameraRollView.h */ = {isa = PBXFileReference; fileEncoding = 4; lastKnownFileType = sourcecode.c.h; name = CameraRollView.h; path = Library/CameraRollView.h; sourceTree = "<group>"; };
		40EB975318C5A30B00922A41 /* CameraRollView.m */ = {isa = PBXFileReference; fileEncoding = 4; lastKnownFileType = sourcecode.c.objc; name = CameraRollView.m; path = Library/CameraRollView.m; sourceTree = "<group>"; };
		40EB975618C5A34400922A41 /* CameraRollView.xib */ = {isa = PBXFileReference; fileEncoding = 4; lastKnownFileType = file.xib; name = CameraRollView.xib; path = Library/CameraRollView.xib; sourceTree = "<group>"; };
		40EB975918C5A3A300922A41 /* btnCheck1.png */ = {isa = PBXFileReference; lastKnownFileType = image.png; name = btnCheck1.png; path = Resource/btnCheck1.png; sourceTree = "<group>"; };
		40EB975A18C5A3A300922A41 /* btnDelete.png */ = {isa = PBXFileReference; lastKnownFileType = image.png; name = btnDelete.png; path = Resource/btnDelete.png; sourceTree = "<group>"; };
		40EB975B18C5A3A300922A41 /* btnGarmChecked.png */ = {isa = PBXFileReference; lastKnownFileType = image.png; name = btnGarmChecked.png; path = Resource/btnGarmChecked.png; sourceTree = "<group>"; };
		40EB975C18C5A3A300922A41 /* btnGarmInactive.png */ = {isa = PBXFileReference; lastKnownFileType = image.png; name = btnGarmInactive.png; path = Resource/btnGarmInactive.png; sourceTree = "<group>"; };
		40EB975D18C5A3A300922A41 /* btnUncheck1.png */ = {isa = PBXFileReference; lastKnownFileType = image.png; name = btnUncheck1.png; path = Resource/btnUncheck1.png; sourceTree = "<group>"; };
		40EB975E18C5A3A300922A41 /* gallaryBack.png */ = {isa = PBXFileReference; lastKnownFileType = image.png; name = gallaryBack.png; path = Resource/gallaryBack.png; sourceTree = "<group>"; };
		40EB975F18C5A3A300922A41 /* tablecellback.png */ = {isa = PBXFileReference; lastKnownFileType = image.png; name = tablecellback.png; path = Resource/tablecellback.png; sourceTree = "<group>"; };
		40EB978518C5D19C00922A41 /* MyAlbumPicker.h */ = {isa = PBXFileReference; fileEncoding = 4; lastKnownFileType = sourcecode.c.h; name = MyAlbumPicker.h; path = MyAlbumPicker/MyAlbumPicker.h; sourceTree = "<group>"; };
		40EB978618C5D19C00922A41 /* MyAlbumPicker.m */ = {isa = PBXFileReference; fileEncoding = 4; lastKnownFileType = sourcecode.c.objc; name = MyAlbumPicker.m; path = MyAlbumPicker/MyAlbumPicker.m; sourceTree = "<group>"; };
		40EB978A18C5D1D200922A41 /* MyAlbumPicker.xib */ = {isa = PBXFileReference; fileEncoding = 4; lastKnownFileType = file.xib; name = MyAlbumPicker.xib; path = MyAlbumPicker/MyAlbumPicker.xib; sourceTree = "<group>"; };
		40EB978C18C5DB5D00922A41 /* pickerTableCell.h */ = {isa = PBXFileReference; fileEncoding = 4; lastKnownFileType = sourcecode.c.h; name = pickerTableCell.h; path = MyAlbumPicker/pickerTableCell.h; sourceTree = "<group>"; };
		40EB978D18C5DB5D00922A41 /* pickerTableCell.m */ = {isa = PBXFileReference; fileEncoding = 4; lastKnownFileType = sourcecode.c.objc; name = pickerTableCell.m; path = MyAlbumPicker/pickerTableCell.m; sourceTree = "<group>"; };
		40EB979018C5DB7700922A41 /* pickerTableCell.xib */ = {isa = PBXFileReference; fileEncoding = 4; lastKnownFileType = file.xib; name = pickerTableCell.xib; path = MyAlbumPicker/pickerTableCell.xib; sourceTree = "<group>"; };
		40EB979218C5E43B00922A41 /* tablecellforg.png */ = {isa = PBXFileReference; lastKnownFileType = image.png; name = tablecellforg.png; path = Resource/tablecellforg.png; sourceTree = "<group>"; };
		40EB979418C5EB0F00922A41 /* MyImagePickerView.xib */ = {isa = PBXFileReference; fileEncoding = 4; lastKnownFileType = file.xib; name = MyImagePickerView.xib; path = MyAlbumPicker/MyImagePickerView.xib; sourceTree = "<group>"; };
		40EB979618C5EB4D00922A41 /* MyImagePicker.h */ = {isa = PBXFileReference; fileEncoding = 4; lastKnownFileType = sourcecode.c.h; name = MyImagePicker.h; path = MyAlbumPicker/MyImagePicker.h; sourceTree = "<group>"; };
		40EB979718C5EB4D00922A41 /* MyImagePicker.m */ = {isa = PBXFileReference; fileEncoding = 4; lastKnownFileType = sourcecode.c.objc; name = MyImagePicker.m; path = MyAlbumPicker/MyImagePicker.m; sourceTree = "<group>"; };
		40EB979E18C63AA600922A41 /* btnGallaryActive.png */ = {isa = PBXFileReference; lastKnownFileType = image.png; name = btnGallaryActive.png; path = Resource/btnGallaryActive.png; sourceTree = "<group>"; };
		40EB97A418C7014C00922A41 /* ThumbTableCell.h */ = {isa = PBXFileReference; fileEncoding = 4; lastKnownFileType = sourcecode.c.h; name = ThumbTableCell.h; path = MyAlbumPicker/ThumbTableCell.h; sourceTree = "<group>"; };
		40EB97A518C7014C00922A41 /* ThumbTableCell.m */ = {isa = PBXFileReference; fileEncoding = 4; lastKnownFileType = sourcecode.c.objc; name = ThumbTableCell.m; path = MyAlbumPicker/ThumbTableCell.m; sourceTree = "<group>"; };
		40EB97A718C7016D00922A41 /* ThumbTableCell.xib */ = {isa = PBXFileReference; fileEncoding = 4; lastKnownFileType = file.xib; name = ThumbTableCell.xib; path = MyAlbumPicker/ThumbTableCell.xib; sourceTree = "<group>"; };
/* End PBXFileReference section */

/* Begin PBXFrameworksBuildPhase section */
		40B4546B18C431CC0016A182 /* Frameworks */ = {
			isa = PBXFrameworksBuildPhase;
			buildActionMask = 2147483647;
			files = (
				40B4547418C431CC0016A182 /* CoreGraphics.framework in Frameworks */,
				40B4547618C431CC0016A182 /* UIKit.framework in Frameworks */,
				40B4547218C431CC0016A182 /* Foundation.framework in Frameworks */,
			);
			runOnlyForDeploymentPostprocessing = 0;
		};
		40B4548C18C431CD0016A182 /* Frameworks */ = {
			isa = PBXFrameworksBuildPhase;
			buildActionMask = 2147483647;
			files = (
				40B4549118C431CD0016A182 /* XCTest.framework in Frameworks */,
				40B4549318C431CD0016A182 /* UIKit.framework in Frameworks */,
				40B4549218C431CD0016A182 /* Foundation.framework in Frameworks */,
			);
			runOnlyForDeploymentPostprocessing = 0;
		};
/* End PBXFrameworksBuildPhase section */

/* Begin PBXGroup section */
		40B4546518C431CC0016A182 = {
			isa = PBXGroup;
			children = (
				40B4547718C431CC0016A182 /* Instagarm */,
				40B4549618C431CD0016A182 /* InstagarmTests */,
				40B4547018C431CC0016A182 /* Frameworks */,
				40B4546F18C431CC0016A182 /* Products */,
			);
			sourceTree = "<group>";
		};
		40B4546F18C431CC0016A182 /* Products */ = {
			isa = PBXGroup;
			children = (
				40B4546E18C431CC0016A182 /* Instagarm.app */,
				40B4548F18C431CD0016A182 /* InstagarmTests.xctest */,
			);
			name = Products;
			sourceTree = "<group>";
		};
		40B4547018C431CC0016A182 /* Frameworks */ = {
			isa = PBXGroup;
			children = (
				40B4547118C431CC0016A182 /* Foundation.framework */,
				40B4547318C431CC0016A182 /* CoreGraphics.framework */,
				40B4547518C431CC0016A182 /* UIKit.framework */,
				40B4549018C431CD0016A182 /* XCTest.framework */,
			);
			name = Frameworks;
			sourceTree = "<group>";
		};
		40B4547718C431CC0016A182 /* Instagarm */ = {
			isa = PBXGroup;
			children = (
				40E3716518C5760B00F3C6FF /* Fonts */,
				40BC50D218C47B6F009B1FD4 /* Library */,
				40BC50AF18C46D49009B1FD4 /* Resource */,
				40B4548018C431CC0016A182 /* InstagarmAppDelegate.h */,
				40B4548118C431CC0016A182 /* InstagarmAppDelegate.m */,
				40B4548318C431CC0016A182 /* Main.storyboard */,
				40B4548618C431CC0016A182 /* InstagarmViewController.h */,
				40B4548718C431CC0016A182 /* InstagarmViewController.m */,
				40BC50CA18C475E3009B1FD4 /* ChooseInstagarmViewController.h */,
				40BC50CB18C475E3009B1FD4 /* ChooseInstagarmViewController.m */,
				40B4548918C431CC0016A182 /* Images.xcassets */,
				40B4547818C431CC0016A182 /* Supporting Files */,
			);
			path = Instagarm;
			sourceTree = "<group>";
		};
		40B4547818C431CC0016A182 /* Supporting Files */ = {
			isa = PBXGroup;
			children = (
				40B4547918C431CC0016A182 /* Instagarm-Info.plist */,
				40B4547A18C431CC0016A182 /* InfoPlist.strings */,
				40B4547D18C431CC0016A182 /* main.m */,
				40B4547F18C431CC0016A182 /* Instagarm-Prefix.pch */,
			);
			name = "Supporting Files";
			sourceTree = "<group>";
		};
		40B4549618C431CD0016A182 /* InstagarmTests */ = {
			isa = PBXGroup;
			children = (
				40B4549C18C431CD0016A182 /* InstagarmTests.m */,
				40B4549718C431CD0016A182 /* Supporting Files */,
			);
			path = InstagarmTests;
			sourceTree = "<group>";
		};
		40B4549718C431CD0016A182 /* Supporting Files */ = {
			isa = PBXGroup;
			children = (
				40B4549818C431CD0016A182 /* InstagarmTests-Info.plist */,
				40B4549918C431CD0016A182 /* InfoPlist.strings */,
			);
			name = "Supporting Files";
			sourceTree = "<group>";
		};
		40B97B4B18C4CAE000EAA05F /* GarmChoose */ = {
			isa = PBXGroup;
			children = (
				40B97B4418C4C06400EAA05F /* GarmChooseView.h */,
				40B97B4518C4C06400EAA05F /* GarmChooseView.m */,
				40B97B4918C4C08D00EAA05F /* GarmChooseView.xib */,
			);
			name = GarmChoose;
			sourceTree = "<group>";
		};
		40BC50AF18C46D49009B1FD4 /* Resource */ = {
			isa = PBXGroup;
			children = (
				40EB979E18C63AA600922A41 /* btnGallaryActive.png */,
				40EB975818C5A39400922A41 /* PhotoGallory */,
				40E3716018C56BBC00F3C6FF /* assets */,
				40BC50CD18C47895009B1FD4 /* grey_hoodie.png */,
				40BC50C818C47583009B1FD4 /* btnUncheck.png */,
				40BC50B018C46D89009B1FD4 /* btnBack.png */,
				40BC50B118C46D89009B1FD4 /* btnCheck.png */,
				40BC50B218C46D89009B1FD4 /* btnEditgram.png */,
				40BC50B318C46D89009B1FD4 /* btnGallory.png */,
				40BC50B418C46D89009B1FD4 /* btnGarm.png */,
				40BC50B518C46D89009B1FD4 /* btnOrder.png */,
				40BC50B618C46D89009B1FD4 /* home.png */,
				40BC50B718C46D89009B1FD4 /* scrollBack.png */,
				40BC50B818C46D89009B1FD4 /* splite_cross.png */,
				40BC50B918C46D89009B1FD4 /* splite.png */,
				40BC50BA18C46D89009B1FD4 /* TopBarBack.png */,
				40BC50BB18C46D89009B1FD4 /* tshirt.png */,
			);
			name = Resource;
			sourceTree = "<group>";
		};
		40BC50D218C47B6F009B1FD4 /* Library */ = {
			isa = PBXGroup;
			children = (
				40EB978418C5D10E00922A41 /* MyAlbumPicker */,
				40EB975518C5A30F00922A41 /* CameraRollView */,
				40B97B4B18C4CAE000EAA05F /* GarmChoose */,
				40BC50CF18C47B6B009B1FD4 /* GarmObject.h */,
				40BC50D018C47B6B009B1FD4 /* GarmObject.m */,
			);
			name = Library;
			sourceTree = "<group>";
		};
		40E3716018C56BBC00F3C6FF /* assets */ = {
			isa = PBXGroup;
			children = (
				40E3716118C56BC600F3C6FF /* app-bg.mp4 */,
				40E3716218C56BC600F3C6FF /* instagarm-logo.png */,
			);
			name = assets;
			sourceTree = "<group>";
		};
		40E3716518C5760B00F3C6FF /* Fonts */ = {
			isa = PBXGroup;
			children = (
				40E3716618C5761800F3C6FF /* Aleo-Bold.otf */,
				40E3716718C5761800F3C6FF /* Aleo-Regular.otf */,
				40E3716818C5761800F3C6FF /* Franklin Gothic Medium.ttf */,
			);
			name = Fonts;
			sourceTree = "<group>";
		};
		40EB975518C5A30F00922A41 /* CameraRollView */ = {
			isa = PBXGroup;
			children = (
				40EB975618C5A34400922A41 /* CameraRollView.xib */,
				40EB975218C5A30B00922A41 /* CameraRollView.h */,
				40EB975318C5A30B00922A41 /* CameraRollView.m */,
			);
			name = CameraRollView;
			sourceTree = "<group>";
		};
		40EB975818C5A39400922A41 /* PhotoGallory */ = {
			isa = PBXGroup;
			children = (
				40EB979218C5E43B00922A41 /* tablecellforg.png */,
				40EB975918C5A3A300922A41 /* btnCheck1.png */,
				40EB975A18C5A3A300922A41 /* btnDelete.png */,
				40EB975B18C5A3A300922A41 /* btnGarmChecked.png */,
				40EB975C18C5A3A300922A41 /* btnGarmInactive.png */,
				40EB975D18C5A3A300922A41 /* btnUncheck1.png */,
				40EB975E18C5A3A300922A41 /* gallaryBack.png */,
				40EB975F18C5A3A300922A41 /* tablecellback.png */,
			);
			name = PhotoGallory;
			sourceTree = "<group>";
		};
		40EB978418C5D10E00922A41 /* MyAlbumPicker */ = {
			isa = PBXGroup;
			children = (
				40EB978518C5D19C00922A41 /* MyAlbumPicker.h */,
				40EB978618C5D19C00922A41 /* MyAlbumPicker.m */,
				40EB978A18C5D1D200922A41 /* MyAlbumPicker.xib */,
				40EB978C18C5DB5D00922A41 /* pickerTableCell.h */,
				40EB978D18C5DB5D00922A41 /* pickerTableCell.m */,
				40EB979018C5DB7700922A41 /* pickerTableCell.xib */,
				40EB979418C5EB0F00922A41 /* MyImagePickerView.xib */,
				40EB979618C5EB4D00922A41 /* MyImagePicker.h */,
				40EB979718C5EB4D00922A41 /* MyImagePicker.m */,
				40EB97A418C7014C00922A41 /* ThumbTableCell.h */,
				40EB97A518C7014C00922A41 /* ThumbTableCell.m */,
				40EB97A718C7016D00922A41 /* ThumbTableCell.xib */,
			);
			name = MyAlbumPicker;
			sourceTree = "<group>";
		};
/* End PBXGroup section */

/* Begin PBXNativeTarget section */
		40B4546D18C431CC0016A182 /* Instagarm */ = {
			isa = PBXNativeTarget;
			buildConfigurationList = 40B454A018C431CD0016A182 /* Build configuration list for PBXNativeTarget "Instagarm" */;
			buildPhases = (
				40B4546A18C431CC0016A182 /* Sources */,
				40B4546B18C431CC0016A182 /* Frameworks */,
				40B4546C18C431CC0016A182 /* Resources */,
			);
			buildRules = (
			);
			dependencies = (
			);
			name = Instagarm;
			productName = Instagarm;
			productReference = 40B4546E18C431CC0016A182 /* Instagarm.app */;
			productType = "com.apple.product-type.application";
		};
		40B4548E18C431CD0016A182 /* InstagarmTests */ = {
			isa = PBXNativeTarget;
			buildConfigurationList = 40B454A318C431CD0016A182 /* Build configuration list for PBXNativeTarget "InstagarmTests" */;
			buildPhases = (
				40B4548B18C431CD0016A182 /* Sources */,
				40B4548C18C431CD0016A182 /* Frameworks */,
				40B4548D18C431CD0016A182 /* Resources */,
			);
			buildRules = (
			);
			dependencies = (
				40B4549518C431CD0016A182 /* PBXTargetDependency */,
			);
			name = InstagarmTests;
			productName = InstagarmTests;
			productReference = 40B4548F18C431CD0016A182 /* InstagarmTests.xctest */;
			productType = "com.apple.product-type.bundle.unit-test";
		};
/* End PBXNativeTarget section */

/* Begin PBXProject section */
		40B4546618C431CC0016A182 /* Project object */ = {
			isa = PBXProject;
			attributes = {
				CLASSPREFIX = Instagarm;
				LastUpgradeCheck = 0500;
				ORGANIZATIONNAME = 2wodigits;
				TargetAttributes = {
					40B4548E18C431CD0016A182 = {
						TestTargetID = 40B4546D18C431CC0016A182;
					};
				};
			};
			buildConfigurationList = 40B4546918C431CC0016A182 /* Build configuration list for PBXProject "Instagarm" */;
			compatibilityVersion = "Xcode 3.2";
			developmentRegion = English;
			hasScannedForEncodings = 0;
			knownRegions = (
				en,
				Base,
			);
			mainGroup = 40B4546518C431CC0016A182;
			productRefGroup = 40B4546F18C431CC0016A182 /* Products */;
			projectDirPath = "";
			projectRoot = "";
			targets = (
				40B4546D18C431CC0016A182 /* Instagarm */,
				40B4548E18C431CD0016A182 /* InstagarmTests */,
			);
		};
/* End PBXProject section */

/* Begin PBXResourcesBuildPhase section */
		40B4546C18C431CC0016A182 /* Resources */ = {
			isa = PBXResourcesBuildPhase;
			buildActionMask = 2147483647;
			files = (
				40BC50C718C46D89009B1FD4 /* tshirt.png in Resources */,
				40B4548A18C431CC0016A182 /* Images.xcassets in Resources */,
				40BC50C018C46D89009B1FD4 /* btnGarm.png in Resources */,
				40BC50C118C46D89009B1FD4 /* btnOrder.png in Resources */,
				40BC50BD18C46D89009B1FD4 /* btnCheck.png in Resources */,
				40EB976118C5A3A300922A41 /* btnDelete.png in Resources */,
				40BC50C518C46D89009B1FD4 /* splite.png in Resources */,
				40EB978B18C5D1D200922A41 /* MyAlbumPicker.xib in Resources */,
				40E3716918C5761800F3C6FF /* Aleo-Bold.otf in Resources */,
				40EB976218C5A3A300922A41 /* btnGarmChecked.png in Resources */,
				40BC50C918C47583009B1FD4 /* btnUncheck.png in Resources */,
				40B4547C18C431CC0016A182 /* InfoPlist.strings in Resources */,
				40BC50C618C46D89009B1FD4 /* TopBarBack.png in Resources */,
				40EB976318C5A3A300922A41 /* btnGarmInactive.png in Resources */,
				40EB976018C5A3A300922A41 /* btnCheck1.png in Resources */,
				40BC50C418C46D89009B1FD4 /* splite_cross.png in Resources */,
				40E3716B18C5761800F3C6FF /* Franklin Gothic Medium.ttf in Resources */,
				40EB979118C5DB7700922A41 /* pickerTableCell.xib in Resources */,
				40E3716318C56BC600F3C6FF /* app-bg.mp4 in Resources */,
				40EB976518C5A3A300922A41 /* gallaryBack.png in Resources */,
				40BC50CE18C47895009B1FD4 /* grey_hoodie.png in Resources */,
				40EB97A118C63AA600922A41 /* btnGallaryActive.png in Resources */,
				40B4548518C431CC0016A182 /* Main.storyboard in Resources */,
				40BC50C218C46D89009B1FD4 /* home.png in Resources */,
				40EB975718C5A34400922A41 /* CameraRollView.xib in Resources */,
				40EB979318C5E43B00922A41 /* tablecellforg.png in Resources */,
				40EB97A818C7016D00922A41 /* ThumbTableCell.xib in Resources */,
				40BC50C318C46D89009B1FD4 /* scrollBack.png in Resources */,
				40BC50BF18C46D89009B1FD4 /* btnGallory.png in Resources */,
				40EB976618C5A3A300922A41 /* tablecellback.png in Resources */,
				40EB979518C5EB0F00922A41 /* MyImagePickerView.xib in Resources */,
				40E3716A18C5761800F3C6FF /* Aleo-Regular.otf in Resources */,
				40BC50BC18C46D89009B1FD4 /* btnBack.png in Resources */,
				40B97B4A18C4C08D00EAA05F /* GarmChooseView.xib in Resources */,
				40E3716418C56BC600F3C6FF /* instagarm-logo.png in Resources */,
				40BC50BE18C46D89009B1FD4 /* btnEditgram.png in Resources */,
				40EB976418C5A3A300922A41 /* btnUncheck1.png in Resources */,
			);
			runOnlyForDeploymentPostprocessing = 0;
		};
		40B4548D18C431CD0016A182 /* Resources */ = {
			isa = PBXResourcesBuildPhase;
			buildActionMask = 2147483647;
			files = (
				40B4549B18C431CD0016A182 /* InfoPlist.strings in Resources */,
			);
			runOnlyForDeploymentPostprocessing = 0;
		};
/* End PBXResourcesBuildPhase section */

/* Begin PBXSourcesBuildPhase section */
		40B4546A18C431CC0016A182 /* Sources */ = {
			isa = PBXSourcesBuildPhase;
			buildActionMask = 2147483647;
			files = (
				40B97B4618C4C06400EAA05F /* GarmChooseView.m in Sources */,
				40EB978718C5D19C00922A41 /* MyAlbumPicker.m in Sources */,
				40BC50CC18C475E3009B1FD4 /* ChooseInstagarmViewController.m in Sources */,
				40BC50D118C47B6B009B1FD4 /* GarmObject.m in Sources */,
				40B4548818C431CC0016A182 /* InstagarmViewController.m in Sources */,
				40EB978E18C5DB5D00922A41 /* pickerTableCell.m in Sources */,
				40EB97A618C7014C00922A41 /* ThumbTableCell.m in Sources */,
				40EB979818C5EB4D00922A41 /* MyImagePicker.m in Sources */,
				40B4547E18C431CC0016A182 /* main.m in Sources */,
				40B4548218C431CC0016A182 /* InstagarmAppDelegate.m in Sources */,
				40EB975418C5A30B00922A41 /* CameraRollView.m in Sources */,
			);
			runOnlyForDeploymentPostprocessing = 0;
		};
		40B4548B18C431CD0016A182 /* Sources */ = {
			isa = PBXSourcesBuildPhase;
			buildActionMask = 2147483647;
			files = (
				40B4549D18C431CD0016A182 /* InstagarmTests.m in Sources */,
			);
			runOnlyForDeploymentPostprocessing = 0;
		};
/* End PBXSourcesBuildPhase section */

/* Begin PBXTargetDependency section */
		40B4549518C431CD0016A182 /* PBXTargetDependency */ = {
			isa = PBXTargetDependency;
			target = 40B4546D18C431CC0016A182 /* Instagarm */;
			targetProxy = 40B4549418C431CD0016A182 /* PBXContainerItemProxy */;
		};
/* End PBXTargetDependency section */

/* Begin PBXVariantGroup section */
		40B4547A18C431CC0016A182 /* InfoPlist.strings */ = {
			isa = PBXVariantGroup;
			children = (
				40B4547B18C431CC0016A182 /* en */,
			);
			name = InfoPlist.strings;
			sourceTree = "<group>";
		};
		40B4548318C431CC0016A182 /* Main.storyboard */ = {
			isa = PBXVariantGroup;
			children = (
				40B4548418C431CC0016A182 /* Base */,
			);
			name = Main.storyboard;
			sourceTree = "<group>";
		};
		40B4549918C431CD0016A182 /* InfoPlist.strings */ = {
			isa = PBXVariantGroup;
			children = (
				40B4549A18C431CD0016A182 /* en */,
			);
			name = InfoPlist.strings;
			sourceTree = "<group>";
		};
/* End PBXVariantGroup section */

/* Begin XCBuildConfiguration section */
		40B4549E18C431CD0016A182 /* Debug */ = {
			isa = XCBuildConfiguration;
			buildSettings = {
				ALWAYS_SEARCH_USER_PATHS = NO;
				ARCHS = "$(ARCHS_STANDARD_INCLUDING_64_BIT)";
				CLANG_CXX_LANGUAGE_STANDARD = "gnu++0x";
				CLANG_CXX_LIBRARY = "libc++";
				CLANG_ENABLE_MODULES = YES;
				CLANG_ENABLE_OBJC_ARC = YES;
				CLANG_WARN_BOOL_CONVERSION = YES;
				CLANG_WARN_CONSTANT_CONVERSION = YES;
				CLANG_WARN_DIRECT_OBJC_ISA_USAGE = YES_ERROR;
				CLANG_WARN_EMPTY_BODY = YES;
				CLANG_WARN_ENUM_CONVERSION = YES;
				CLANG_WARN_INT_CONVERSION = YES;
				CLANG_WARN_OBJC_ROOT_CLASS = YES_ERROR;
				CLANG_WARN__DUPLICATE_METHOD_MATCH = YES;
				"CODE_SIGN_IDENTITY[sdk=iphoneos*]" = "iPhone Developer";
				COPY_PHASE_STRIP = NO;
				GCC_C_LANGUAGE_STANDARD = gnu99;
				GCC_DYNAMIC_NO_PIC = NO;
				GCC_OPTIMIZATION_LEVEL = 0;
				GCC_PREPROCESSOR_DEFINITIONS = (
					"DEBUG=1",
					"$(inherited)",
				);
				GCC_SYMBOLS_PRIVATE_EXTERN = NO;
				GCC_WARN_64_TO_32_BIT_CONVERSION = YES;
				GCC_WARN_ABOUT_RETURN_TYPE = YES_ERROR;
				GCC_WARN_UNDECLARED_SELECTOR = YES;
				GCC_WARN_UNINITIALIZED_AUTOS = YES;
				GCC_WARN_UNUSED_FUNCTION = YES;
				GCC_WARN_UNUSED_VARIABLE = YES;
				IPHONEOS_DEPLOYMENT_TARGET = 7.0;
				ONLY_ACTIVE_ARCH = YES;
				SDKROOT = iphoneos;
			};
			name = Debug;
		};
		40B4549F18C431CD0016A182 /* Release */ = {
			isa = XCBuildConfiguration;
			buildSettings = {
				ALWAYS_SEARCH_USER_PATHS = NO;
				ARCHS = "$(ARCHS_STANDARD_INCLUDING_64_BIT)";
				CLANG_CXX_LANGUAGE_STANDARD = "gnu++0x";
				CLANG_CXX_LIBRARY = "libc++";
				CLANG_ENABLE_MODULES = YES;
				CLANG_ENABLE_OBJC_ARC = YES;
				CLANG_WARN_BOOL_CONVERSION = YES;
				CLANG_WARN_CONSTANT_CONVERSION = YES;
				CLANG_WARN_DIRECT_OBJC_ISA_USAGE = YES_ERROR;
				CLANG_WARN_EMPTY_BODY = YES;
				CLANG_WARN_ENUM_CONVERSION = YES;
				CLANG_WARN_INT_CONVERSION = YES;
				CLANG_WARN_OBJC_ROOT_CLASS = YES_ERROR;
				CLANG_WARN__DUPLICATE_METHOD_MATCH = YES;
				"CODE_SIGN_IDENTITY[sdk=iphoneos*]" = "iPhone Developer";
				COPY_PHASE_STRIP = YES;
				ENABLE_NS_ASSERTIONS = NO;
				GCC_C_LANGUAGE_STANDARD = gnu99;
				GCC_WARN_64_TO_32_BIT_CONVERSION = YES;
				GCC_WARN_ABOUT_RETURN_TYPE = YES_ERROR;
				GCC_WARN_UNDECLARED_SELECTOR = YES;
				GCC_WARN_UNINITIALIZED_AUTOS = YES;
				GCC_WARN_UNUSED_FUNCTION = YES;
				GCC_WARN_UNUSED_VARIABLE = YES;
				IPHONEOS_DEPLOYMENT_TARGET = 7.0;
				SDKROOT = iphoneos;
				VALIDATE_PRODUCT = YES;
			};
			name = Release;
		};
		40B454A118C431CD0016A182 /* Debug */ = {
			isa = XCBuildConfiguration;
			buildSettings = {
				ASSETCATALOG_COMPILER_APPICON_NAME = AppIcon;
				ASSETCATALOG_COMPILER_LAUNCHIMAGE_NAME = LaunchImage;
				GCC_PRECOMPILE_PREFIX_HEADER = YES;
				GCC_PREFIX_HEADER = "Instagarm/Instagarm-Prefix.pch";
				INFOPLIST_FILE = "Instagarm/Instagarm-Info.plist";
				PRODUCT_NAME = "$(TARGET_NAME)";
				WRAPPER_EXTENSION = app;
			};
			name = Debug;
		};
		40B454A218C431CD0016A182 /* Release */ = {
			isa = XCBuildConfiguration;
			buildSettings = {
				ASSETCATALOG_COMPILER_APPICON_NAME = AppIcon;
				ASSETCATALOG_COMPILER_LAUNCHIMAGE_NAME = LaunchImage;
				GCC_PRECOMPILE_PREFIX_HEADER = YES;
				GCC_PREFIX_HEADER = "Instagarm/Instagarm-Prefix.pch";
				INFOPLIST_FILE = "Instagarm/Instagarm-Info.plist";
				PRODUCT_NAME = "$(TARGET_NAME)";
				WRAPPER_EXTENSION = app;
			};
			name = Release;
		};
		40B454A418C431CD0016A182 /* Debug */ = {
			isa = XCBuildConfiguration;
			buildSettings = {
				ARCHS = "$(ARCHS_STANDARD_INCLUDING_64_BIT)";
				BUNDLE_LOADER = "$(BUILT_PRODUCTS_DIR)/Instagarm.app/Instagarm";
				FRAMEWORK_SEARCH_PATHS = (
					"$(SDKROOT)/Developer/Library/Frameworks",
					"$(inherited)",
					"$(DEVELOPER_FRAMEWORKS_DIR)",
				);
				GCC_PRECOMPILE_PREFIX_HEADER = YES;
				GCC_PREFIX_HEADER = "Instagarm/Instagarm-Prefix.pch";
				GCC_PREPROCESSOR_DEFINITIONS = (
					"DEBUG=1",
					"$(inherited)",
				);
				INFOPLIST_FILE = "InstagarmTests/InstagarmTests-Info.plist";
				PRODUCT_NAME = "$(TARGET_NAME)";
				TEST_HOST = "$(BUNDLE_LOADER)";
				WRAPPER_EXTENSION = xctest;
			};
			name = Debug;
		};
		40B454A518C431CD0016A182 /* Release */ = {
			isa = XCBuildConfiguration;
			buildSettings = {
				ARCHS = "$(ARCHS_STANDARD_INCLUDING_64_BIT)";
				BUNDLE_LOADER = "$(BUILT_PRODUCTS_DIR)/Instagarm.app/Instagarm";
				FRAMEWORK_SEARCH_PATHS = (
					"$(SDKROOT)/Developer/Library/Frameworks",
					"$(inherited)",
					"$(DEVELOPER_FRAMEWORKS_DIR)",
				);
				GCC_PRECOMPILE_PREFIX_HEADER = YES;
				GCC_PREFIX_HEADER = "Instagarm/Instagarm-Prefix.pch";
				INFOPLIST_FILE = "InstagarmTests/InstagarmTests-Info.plist";
				PRODUCT_NAME = "$(TARGET_NAME)";
				TEST_HOST = "$(BUNDLE_LOADER)";
				WRAPPER_EXTENSION = xctest;
			};
			name = Release;
		};
/* End XCBuildConfiguration section */

/* Begin XCConfigurationList section */
		40B4546918C431CC0016A182 /* Build configuration list for PBXProject "Instagarm" */ = {
			isa = XCConfigurationList;
			buildConfigurations = (
				40B4549E18C431CD0016A182 /* Debug */,
				40B4549F18C431CD0016A182 /* Release */,
			);
			defaultConfigurationIsVisible = 0;
			defaultConfigurationName = Release;
		};
		40B454A018C431CD0016A182 /* Build configuration list for PBXNativeTarget "Instagarm" */ = {
			isa = XCConfigurationList;
			buildConfigurations = (
				40B454A118C431CD0016A182 /* Debug */,
				40B454A218C431CD0016A182 /* Release */,
			);
			defaultConfigurationIsVisible = 0;
			defaultConfigurationName = Release;
		};
		40B454A318C431CD0016A182 /* Build configuration list for PBXNativeTarget "InstagarmTests" */ = {
			isa = XCConfigurationList;
			buildConfigurations = (
				40B454A418C431CD0016A182 /* Debug */,
				40B454A518C431CD0016A182 /* Release */,
			);
			defaultConfigurationIsVisible = 0;
			defaultConfigurationName = Release;
		};
/* End XCConfigurationList section */
	};
	rootObject = 40B4546618C431CC0016A182 /* Project object */;
}
